
Microsoft Visual Studio Solution File, Format Version 12.00
# Visual Studio Version 17
VisualStudioVersion = 17.10.34928.147
MinimumVisualStudioVersion = 10.0.40219.1
Project("{2150E333-8FDC-42A3-9474-1A3956D46DE8}") = "Presentation", "Presentation", "{E7F576C7-B064-48DE-BF25-A8F8FCEACD82}"
EndProject
Project("{2150E333-8FDC-42A3-9474-1A3956D46DE8}") = "Infrastructure", "Infrastructure", "{3D053D67-5661-43C3-BCE1-76CEF67A189E}"
EndProject
Project("{2150E333-8FDC-42A3-9474-1A3956D46DE8}") = "Core", "Core", "{D797B070-F701-426F-B37B-E02C9BCDB438}"
EndProject
Project("{9A19103F-16F7-4668-BE54-9A1E7A4F7556}") = "RenStore.Domain", ".\src\RenStore.Domain\RenStore.Domain.csproj", "{704133C5-85C9-4FC4-AC36-95574ABDF0B8}"
EndProject
Project("{2150E333-8FDC-42A3-9474-1A3956D46DE8}") = "src", "src", "{06E80016-E69A-45D4-A486-F5DFFDB7F562}"
EndProject
Project("{2150E333-8FDC-42A3-9474-1A3956D46DE8}") = "MainOld", "MainOld", "{42102175-7488-4C41-A3C4-1A3764DE2766}"
EndProject
Project("{2150E333-8FDC-42A3-9474-1A3956D46DE8}") = "Identity", "Identity", "{956FE158-0876-4771-95C4-71CAB8902F1A}"
EndProject
Project("{2150E333-8FDC-42A3-9474-1A3956D46DE8}") = "Catalog", "Catalog", "{D9CF08F0-C0C8-4B64-8FA3-2AD2F2566372}"
EndProject
Project("{2150E333-8FDC-42A3-9474-1A3956D46DE8}") = "Delivery", "Delivery", "{699064CC-DF66-4BE5-AEBD-00BED1FE5F32}"
EndProject
Project("{FAE04EC0-301F-11D3-BF4B-00C04F79EFBC}") = "RenStore.Delivery.Domain", "src\RenStore.Delivery.Domain\RenStore.Delivery.Domain.csproj", "{7F6198EB-605F-44E4-8B4D-1065FD32C57A}"
EndProject
Project("{FAE04EC0-301F-11D3-BF4B-00C04F79EFBC}") = "RenStore.Delivery.Application", "src\RenStore.Delivery.Application\RenStore.Delivery.Application.csproj", "{C3C21EA7-86BD-447B-8A93-2BBC011A7D24}"
EndProject
Project("{2150E333-8FDC-42A3-9474-1A3956D46DE8}") = "Delivery", "Delivery", "{9D334762-1EDE-451D-9AA9-821CCFECDDD2}"
EndProject
Project("{2150E333-8FDC-42A3-9474-1A3956D46DE8}") = "Catalog", "Catalog", "{2D46B172-4978-4A20-82CA-467301B1B593}"
EndProject
Project("{FAE04EC0-301F-11D3-BF4B-00C04F79EFBC}") = "RenStore.Delivery.Persistence", "src\RenStore.Delivery.Persistence\RenStore.Delivery.Persistence.csproj", "{208F938F-B0CF-47E0-BCBB-CE8A73DB170A}"
EndProject
Project("{2150E333-8FDC-42A3-9474-1A3956D46DE8}") = "SharedKernal", "SharedKernal", "{042FABB4-4C5F-41F1-80A5-DF0C45777013}"
EndProject
Project("{FAE04EC0-301F-11D3-BF4B-00C04F79EFBC}") = "RenStore.SharedKernal.Domain", "src\RenStore.SharedKernal.Domain\RenStore.SharedKernal.Domain.csproj", "{DC5F143E-2D73-4820-92CE-D5A31CEC72A4}"
EndProject
Project("{FAE04EC0-301F-11D3-BF4B-00C04F79EFBC}") = "RenStore.Delivery.Tests", "src\Tests\RenStore.Delivery.Tests\RenStore.Delivery.Tests.csproj", "{32E94BF6-9491-4185-AE11-B0ACD5BA78BD}"
EndProject
Project("{2150E333-8FDC-42A3-9474-1A3956D46DE8}") = "tests", "tests", "{279C902D-4DFE-4EFC-B477-50B791824D3F}"
EndProject
Project("{2150E333-8FDC-42A3-9474-1A3956D46DE8}") = "Inventory", "Inventory", "{27C677B5-66B3-448A-BACE-857D0B520D93}"
EndProject
Project("{FAE04EC0-301F-11D3-BF4B-00C04F79EFBC}") = "RenStore.Catalog.Domain", "src\RenStore.Catalog.Domain\RenStore.Catalog.Domain.csproj", "{384F46A7-2DBC-4000-BA83-3BE09F02AEFF}"
EndProject
Project("{FAE04EC0-301F-11D3-BF4B-00C04F79EFBC}") = "RenStore.Catalog.Application", "src\RenStore.Catalog.Application\RenStore.Catalog.Application.csproj", "{6B006520-07C9-48C4-AC4E-04F25120C9EE}"
EndProject
Project("{FAE04EC0-301F-11D3-BF4B-00C04F79EFBC}") = "RenStore.Catalog.Persistence", "src\RenStore.Catalog.Persistence\RenStore.Catalog.Persistence.csproj", "{CFC793E1-1088-49CE-8561-465A701A4699}"
EndProject
Project("{FAE04EC0-301F-11D3-BF4B-00C04F79EFBC}") = "RenStore.Catalog.Tests", "tests\RenStore.Catalog.Tests\RenStore.Catalog.Tests.csproj", "{01E9DA64-A0A8-4D3E-B542-42867249DEF2}"
EndProject
Project("{FAE04EC0-301F-11D3-BF4B-00C04F79EFBC}") = "RenStore.Inventory.Domain", "src\RenStore.Inventory.Domain\RenStore.Inventory.Domain.csproj", "{86DB6470-1FAF-490F-98DD-323A98A564BE}"
EndProject
Project("{FAE04EC0-301F-11D3-BF4B-00C04F79EFBC}") = "RenStore.Identity.Domain", "src\RenStore.Identity.Domain\RenStore.Identity.Domain.csproj", "{E0F55643-81B6-4DB3-9A18-DE3BD3374188}"
EndProject
Project("{FAE04EC0-301F-11D3-BF4B-00C04F79EFBC}") = "RenStore.Identity.Application", "src\RenStore.Identity.Application\RenStore.Identity.Application.csproj", "{C9FB8BAE-E9ED-4082-BDC9-2FF4BB554A21}"
EndProject
Project("{FAE04EC0-301F-11D3-BF4B-00C04F79EFBC}") = "RenStore.Catalog.WebApi", "src\RenStore.Catalog.WebApi\RenStore.Catalog.WebApi.csproj", "{AE0E8E6F-E809-416A-8A3B-100C9F057791}"
EndProject
Project("{FAE04EC0-301F-11D3-BF4B-00C04F79EFBC}") = "RenStore.Catalog.Contracts", "src\RenStore.Catalog.Contracts\RenStore.Catalog.Contracts.csproj", "{A2BF768D-AD35-4D8F-8BEF-B9D025EAC8DF}"
EndProject
Project("{2150E333-8FDC-42A3-9474-1A3956D46DE8}") = "Inventory", "Inventory", "{663E3E56-E5CC-4CDA-B0D2-23DC5A0479A7}"
EndProject
Project("{FAE04EC0-301F-11D3-BF4B-00C04F79EFBC}") = "RenStore.Inventory.Persistence", "src\RenStore.Inventory.Persistence\RenStore.Inventory.Persistence.csproj", "{17E5617B-9D80-4EA9-B001-4B59A8D94987}"
EndProject
Project("{FAE04EC0-301F-11D3-BF4B-00C04F79EFBC}") = "RenStore.Inventory.Tests", "tests\RenStore.Inventory.Tests\RenStore.Inventory.Tests.csproj", "{8BFB2058-0D02-4394-A136-3F9547769984}"
EndProject
Project("{FAE04EC0-301F-11D3-BF4B-00C04F79EFBC}") = "RenStore.Inventory.Application", "src\RenStore.Inventory.Application\RenStore.Inventory.Application.csproj", "{7DD9052C-4BFC-4FEA-9AB8-B1CCA9818901}"
EndProject
Project("{FAE04EC0-301F-11D3-BF4B-00C04F79EFBC}") = "RenStore.Inventory.WebApi", "src\RenStore.Inventory.WebApi\RenStore.Inventory.WebApi.csproj", "{7727E1AB-B13F-46EF-8D96-A9F03ABF0475}"
EndProject
Project("{FAE04EC0-301F-11D3-BF4B-00C04F79EFBC}") = "RenStore.Inventory.Messaging", "src\RenStore.Inventory.Messaging\RenStore.Inventory.Messaging.csproj", "{9DDC7D9A-8F03-4BE1-B592-CD183DA0F029}"
EndProject
Project("{FAE04EC0-301F-11D3-BF4B-00C04F79EFBC}") = "RenStore.Catalog.Messaging", "src\RenStore.Catalog.Messaging\RenStore.Catalog.Messaging.csproj", "{4F11DA2C-033B-416D-9FFB-531EED8FF42B}"
EndProject
Project("{FAE04EC0-301F-11D3-BF4B-00C04F79EFBC}") = "RenStore.Inventory.Contracts", "src\RenStore.Inventory.Contracts\RenStore.Inventory.Contracts.csproj", "{58229D27-3C15-434A-9942-0D28B985BB5A}"
EndProject
Project("{2150E333-8FDC-42A3-9474-1A3956D46DE8}") = "Ordering", "Ordering", "{80BE0940-AE36-4050-9FB8-E6A526948F2B}"
EndProject
Project("{2150E333-8FDC-42A3-9474-1A3956D46DE8}") = "Ordering", "Ordering", "{36424154-C604-43F7-9B4D-BA3FE8BB9771}"
EndProject
Project("{FAE04EC0-301F-11D3-BF4B-00C04F79EFBC}") = "RenStore.Ordering.WebApi", "src\RenStore.Ordering.WebApi\RenStore.Ordering.WebApi.csproj", "{5F61A866-9F29-428A-8E29-A4F0B1F31E78}"
EndProject
Project("{FAE04EC0-301F-11D3-BF4B-00C04F79EFBC}") = "RenStore.Ordering.Application", "src\RenStore.Ordering.Application\RenStore.Ordering.Application.csproj", "{B313B0E1-7766-412C-8E0E-C6FAA2803049}"
EndProject
Project("{FAE04EC0-301F-11D3-BF4B-00C04F79EFBC}") = "RenStore.Ordering.Domain", "src\RenStore.Ordering.Domain\RenStore.Ordering.Domain.csproj", "{3C42312D-2C73-4491-AC91-EBD698B6EBE5}"
EndProject
Project("{FAE04EC0-301F-11D3-BF4B-00C04F79EFBC}") = "RenStore.Ordering.Messaging", "src\RenStore.Ordering.Messaging\RenStore.Ordering.Messaging.csproj", "{CAFF52D9-0C67-445F-981A-34AA81EB35AD}"
EndProject
Project("{FAE04EC0-301F-11D3-BF4B-00C04F79EFBC}") = "RenStore.Ordering.Persistence", "src\RenStore.Ordering.Persistence\RenStore.Ordering.Persistence.csproj", "{F7AAA85D-E121-4706-8603-B732493F29B0}"
EndProject
Global
	GlobalSection(SolutionConfigurationPlatforms) = preSolution
		Debug|Any CPU = Debug|Any CPU
		Release|Any CPU = Release|Any CPU
	EndGlobalSection
	GlobalSection(ProjectConfigurationPlatforms) = postSolution
		{704133C5-85C9-4FC4-AC36-95574ABDF0B8}.Debug|Any CPU.ActiveCfg = Debug|Any CPU
		{704133C5-85C9-4FC4-AC36-95574ABDF0B8}.Debug|Any CPU.Build.0 = Debug|Any CPU
		{704133C5-85C9-4FC4-AC36-95574ABDF0B8}.Release|Any CPU.ActiveCfg = Release|Any CPU
		{704133C5-85C9-4FC4-AC36-95574ABDF0B8}.Release|Any CPU.Build.0 = Release|Any CPU
		{7F6198EB-605F-44E4-8B4D-1065FD32C57A}.Debug|Any CPU.ActiveCfg = Debug|Any CPU
		{7F6198EB-605F-44E4-8B4D-1065FD32C57A}.Debug|Any CPU.Build.0 = Debug|Any CPU
		{7F6198EB-605F-44E4-8B4D-1065FD32C57A}.Release|Any CPU.ActiveCfg = Release|Any CPU
		{7F6198EB-605F-44E4-8B4D-1065FD32C57A}.Release|Any CPU.Build.0 = Release|Any CPU
		{C3C21EA7-86BD-447B-8A93-2BBC011A7D24}.Debug|Any CPU.ActiveCfg = Debug|Any CPU
		{C3C21EA7-86BD-447B-8A93-2BBC011A7D24}.Debug|Any CPU.Build.0 = Debug|Any CPU
		{C3C21EA7-86BD-447B-8A93-2BBC011A7D24}.Release|Any CPU.ActiveCfg = Release|Any CPU
		{C3C21EA7-86BD-447B-8A93-2BBC011A7D24}.Release|Any CPU.Build.0 = Release|Any CPU
		{208F938F-B0CF-47E0-BCBB-CE8A73DB170A}.Debug|Any CPU.ActiveCfg = Debug|Any CPU
		{208F938F-B0CF-47E0-BCBB-CE8A73DB170A}.Debug|Any CPU.Build.0 = Debug|Any CPU
		{208F938F-B0CF-47E0-BCBB-CE8A73DB170A}.Release|Any CPU.ActiveCfg = Release|Any CPU
		{208F938F-B0CF-47E0-BCBB-CE8A73DB170A}.Release|Any CPU.Build.0 = Release|Any CPU
		{DC5F143E-2D73-4820-92CE-D5A31CEC72A4}.Debug|Any CPU.ActiveCfg = Debug|Any CPU
		{DC5F143E-2D73-4820-92CE-D5A31CEC72A4}.Debug|Any CPU.Build.0 = Debug|Any CPU
		{DC5F143E-2D73-4820-92CE-D5A31CEC72A4}.Release|Any CPU.ActiveCfg = Release|Any CPU
		{DC5F143E-2D73-4820-92CE-D5A31CEC72A4}.Release|Any CPU.Build.0 = Release|Any CPU
		{32E94BF6-9491-4185-AE11-B0ACD5BA78BD}.Debug|Any CPU.ActiveCfg = Debug|Any CPU
		{32E94BF6-9491-4185-AE11-B0ACD5BA78BD}.Debug|Any CPU.Build.0 = Debug|Any CPU
		{32E94BF6-9491-4185-AE11-B0ACD5BA78BD}.Release|Any CPU.ActiveCfg = Release|Any CPU
		{32E94BF6-9491-4185-AE11-B0ACD5BA78BD}.Release|Any CPU.Build.0 = Release|Any CPU
		{384F46A7-2DBC-4000-BA83-3BE09F02AEFF}.Debug|Any CPU.ActiveCfg = Debug|Any CPU
		{384F46A7-2DBC-4000-BA83-3BE09F02AEFF}.Debug|Any CPU.Build.0 = Debug|Any CPU
		{384F46A7-2DBC-4000-BA83-3BE09F02AEFF}.Release|Any CPU.ActiveCfg = Release|Any CPU
		{384F46A7-2DBC-4000-BA83-3BE09F02AEFF}.Release|Any CPU.Build.0 = Release|Any CPU
		{6B006520-07C9-48C4-AC4E-04F25120C9EE}.Debug|Any CPU.ActiveCfg = Debug|Any CPU
		{6B006520-07C9-48C4-AC4E-04F25120C9EE}.Debug|Any CPU.Build.0 = Debug|Any CPU
		{6B006520-07C9-48C4-AC4E-04F25120C9EE}.Release|Any CPU.ActiveCfg = Release|Any CPU
		{6B006520-07C9-48C4-AC4E-04F25120C9EE}.Release|Any CPU.Build.0 = Release|Any CPU
		{CFC793E1-1088-49CE-8561-465A701A4699}.Debug|Any CPU.ActiveCfg = Debug|Any CPU
		{CFC793E1-1088-49CE-8561-465A701A4699}.Debug|Any CPU.Build.0 = Debug|Any CPU
		{CFC793E1-1088-49CE-8561-465A701A4699}.Release|Any CPU.ActiveCfg = Release|Any CPU
		{CFC793E1-1088-49CE-8561-465A701A4699}.Release|Any CPU.Build.0 = Release|Any CPU
		{01E9DA64-A0A8-4D3E-B542-42867249DEF2}.Debug|Any CPU.ActiveCfg = Debug|Any CPU
		{01E9DA64-A0A8-4D3E-B542-42867249DEF2}.Debug|Any CPU.Build.0 = Debug|Any CPU
		{01E9DA64-A0A8-4D3E-B542-42867249DEF2}.Release|Any CPU.ActiveCfg = Release|Any CPU
		{01E9DA64-A0A8-4D3E-B542-42867249DEF2}.Release|Any CPU.Build.0 = Release|Any CPU
		{86DB6470-1FAF-490F-98DD-323A98A564BE}.Debug|Any CPU.ActiveCfg = Debug|Any CPU
		{86DB6470-1FAF-490F-98DD-323A98A564BE}.Debug|Any CPU.Build.0 = Debug|Any CPU
		{86DB6470-1FAF-490F-98DD-323A98A564BE}.Release|Any CPU.ActiveCfg = Release|Any CPU
		{86DB6470-1FAF-490F-98DD-323A98A564BE}.Release|Any CPU.Build.0 = Release|Any CPU
		{E0F55643-81B6-4DB3-9A18-DE3BD3374188}.Debug|Any CPU.ActiveCfg = Debug|Any CPU
		{E0F55643-81B6-4DB3-9A18-DE3BD3374188}.Debug|Any CPU.Build.0 = Debug|Any CPU
		{E0F55643-81B6-4DB3-9A18-DE3BD3374188}.Release|Any CPU.ActiveCfg = Release|Any CPU
		{E0F55643-81B6-4DB3-9A18-DE3BD3374188}.Release|Any CPU.Build.0 = Release|Any CPU
		{C9FB8BAE-E9ED-4082-BDC9-2FF4BB554A21}.Debug|Any CPU.ActiveCfg = Debug|Any CPU
		{C9FB8BAE-E9ED-4082-BDC9-2FF4BB554A21}.Debug|Any CPU.Build.0 = Debug|Any CPU
		{C9FB8BAE-E9ED-4082-BDC9-2FF4BB554A21}.Release|Any CPU.ActiveCfg = Release|Any CPU
		{C9FB8BAE-E9ED-4082-BDC9-2FF4BB554A21}.Release|Any CPU.Build.0 = Release|Any CPU
		{AE0E8E6F-E809-416A-8A3B-100C9F057791}.Debug|Any CPU.ActiveCfg = Debug|Any CPU
		{AE0E8E6F-E809-416A-8A3B-100C9F057791}.Debug|Any CPU.Build.0 = Debug|Any CPU
		{AE0E8E6F-E809-416A-8A3B-100C9F057791}.Release|Any CPU.ActiveCfg = Release|Any CPU
		{AE0E8E6F-E809-416A-8A3B-100C9F057791}.Release|Any CPU.Build.0 = Release|Any CPU
		{A2BF768D-AD35-4D8F-8BEF-B9D025EAC8DF}.Debug|Any CPU.ActiveCfg = Debug|Any CPU
		{A2BF768D-AD35-4D8F-8BEF-B9D025EAC8DF}.Debug|Any CPU.Build.0 = Debug|Any CPU
		{A2BF768D-AD35-4D8F-8BEF-B9D025EAC8DF}.Release|Any CPU.ActiveCfg = Release|Any CPU
		{A2BF768D-AD35-4D8F-8BEF-B9D025EAC8DF}.Release|Any CPU.Build.0 = Release|Any CPU
		{17E5617B-9D80-4EA9-B001-4B59A8D94987}.Debug|Any CPU.ActiveCfg = Debug|Any CPU
		{17E5617B-9D80-4EA9-B001-4B59A8D94987}.Debug|Any CPU.Build.0 = Debug|Any CPU
		{17E5617B-9D80-4EA9-B001-4B59A8D94987}.Release|Any CPU.ActiveCfg = Release|Any CPU
		{17E5617B-9D80-4EA9-B001-4B59A8D94987}.Release|Any CPU.Build.0 = Release|Any CPU
		{8BFB2058-0D02-4394-A136-3F9547769984}.Debug|Any CPU.ActiveCfg = Debug|Any CPU
		{8BFB2058-0D02-4394-A136-3F9547769984}.Debug|Any CPU.Build.0 = Debug|Any CPU
		{8BFB2058-0D02-4394-A136-3F9547769984}.Release|Any CPU.ActiveCfg = Release|Any CPU
		{8BFB2058-0D02-4394-A136-3F9547769984}.Release|Any CPU.Build.0 = Release|Any CPU
		{7DD9052C-4BFC-4FEA-9AB8-B1CCA9818901}.Debug|Any CPU.ActiveCfg = Debug|Any CPU
		{7DD9052C-4BFC-4FEA-9AB8-B1CCA9818901}.Debug|Any CPU.Build.0 = Debug|Any CPU
		{7DD9052C-4BFC-4FEA-9AB8-B1CCA9818901}.Release|Any CPU.ActiveCfg = Release|Any CPU
		{7DD9052C-4BFC-4FEA-9AB8-B1CCA9818901}.Release|Any CPU.Build.0 = Release|Any CPU
		{7727E1AB-B13F-46EF-8D96-A9F03ABF0475}.Debug|Any CPU.ActiveCfg = Debug|Any CPU
		{7727E1AB-B13F-46EF-8D96-A9F03ABF0475}.Debug|Any CPU.Build.0 = Debug|Any CPU
		{7727E1AB-B13F-46EF-8D96-A9F03ABF0475}.Release|Any CPU.ActiveCfg = Release|Any CPU
		{7727E1AB-B13F-46EF-8D96-A9F03ABF0475}.Release|Any CPU.Build.0 = Release|Any CPU
		{9DDC7D9A-8F03-4BE1-B592-CD183DA0F029}.Debug|Any CPU.ActiveCfg = Debug|Any CPU
		{9DDC7D9A-8F03-4BE1-B592-CD183DA0F029}.Debug|Any CPU.Build.0 = Debug|Any CPU
		{9DDC7D9A-8F03-4BE1-B592-CD183DA0F029}.Release|Any CPU.ActiveCfg = Release|Any CPU
		{9DDC7D9A-8F03-4BE1-B592-CD183DA0F029}.Release|Any CPU.Build.0 = Release|Any CPU
		{4F11DA2C-033B-416D-9FFB-531EED8FF42B}.Debug|Any CPU.ActiveCfg = Debug|Any CPU
		{4F11DA2C-033B-416D-9FFB-531EED8FF42B}.Debug|Any CPU.Build.0 = Debug|Any CPU
		{4F11DA2C-033B-416D-9FFB-531EED8FF42B}.Release|Any CPU.ActiveCfg = Release|Any CPU
		{4F11DA2C-033B-416D-9FFB-531EED8FF42B}.Release|Any CPU.Build.0 = Release|Any CPU
		{58229D27-3C15-434A-9942-0D28B985BB5A}.Debug|Any CPU.ActiveCfg = Debug|Any CPU
		{58229D27-3C15-434A-9942-0D28B985BB5A}.Debug|Any CPU.Build.0 = Debug|Any CPU
		{58229D27-3C15-434A-9942-0D28B985BB5A}.Release|Any CPU.ActiveCfg = Release|Any CPU
		{58229D27-3C15-434A-9942-0D28B985BB5A}.Release|Any CPU.Build.0 = Release|Any CPU
		{5F61A866-9F29-428A-8E29-A4F0B1F31E78}.Debug|Any CPU.ActiveCfg = Debug|Any CPU
		{5F61A866-9F29-428A-8E29-A4F0B1F31E78}.Debug|Any CPU.Build.0 = Debug|Any CPU
		{5F61A866-9F29-428A-8E29-A4F0B1F31E78}.Release|Any CPU.ActiveCfg = Release|Any CPU
		{5F61A866-9F29-428A-8E29-A4F0B1F31E78}.Release|Any CPU.Build.0 = Release|Any CPU
		{B313B0E1-7766-412C-8E0E-C6FAA2803049}.Debug|Any CPU.ActiveCfg = Debug|Any CPU
		{B313B0E1-7766-412C-8E0E-C6FAA2803049}.Debug|Any CPU.Build.0 = Debug|Any CPU
		{B313B0E1-7766-412C-8E0E-C6FAA2803049}.Release|Any CPU.ActiveCfg = Release|Any CPU
		{B313B0E1-7766-412C-8E0E-C6FAA2803049}.Release|Any CPU.Build.0 = Release|Any CPU
		{3C42312D-2C73-4491-AC91-EBD698B6EBE5}.Debug|Any CPU.ActiveCfg = Debug|Any CPU
		{3C42312D-2C73-4491-AC91-EBD698B6EBE5}.Debug|Any CPU.Build.0 = Debug|Any CPU
		{3C42312D-2C73-4491-AC91-EBD698B6EBE5}.Release|Any CPU.ActiveCfg = Release|Any CPU
		{3C42312D-2C73-4491-AC91-EBD698B6EBE5}.Release|Any CPU.Build.0 = Release|Any CPU
		{CAFF52D9-0C67-445F-981A-34AA81EB35AD}.Debug|Any CPU.ActiveCfg = Debug|Any CPU
		{CAFF52D9-0C67-445F-981A-34AA81EB35AD}.Debug|Any CPU.Build.0 = Debug|Any CPU
		{CAFF52D9-0C67-445F-981A-34AA81EB35AD}.Release|Any CPU.ActiveCfg = Release|Any CPU
		{CAFF52D9-0C67-445F-981A-34AA81EB35AD}.Release|Any CPU.Build.0 = Release|Any CPU
		{F7AAA85D-E121-4706-8603-B732493F29B0}.Debug|Any CPU.ActiveCfg = Debug|Any CPU
		{F7AAA85D-E121-4706-8603-B732493F29B0}.Debug|Any CPU.Build.0 = Debug|Any CPU
		{F7AAA85D-E121-4706-8603-B732493F29B0}.Release|Any CPU.ActiveCfg = Release|Any CPU
		{F7AAA85D-E121-4706-8603-B732493F29B0}.Release|Any CPU.Build.0 = Release|Any CPU
	EndGlobalSection
	GlobalSection(SolutionProperties) = preSolution
		HideSolutionNode = FALSE
	EndGlobalSection
	GlobalSection(NestedProjects) = preSolution
		{E7F576C7-B064-48DE-BF25-A8F8FCEACD82} = {06E80016-E69A-45D4-A486-F5DFFDB7F562}
		{3D053D67-5661-43C3-BCE1-76CEF67A189E} = {06E80016-E69A-45D4-A486-F5DFFDB7F562}
		{D797B070-F701-426F-B37B-E02C9BCDB438} = {06E80016-E69A-45D4-A486-F5DFFDB7F562}
		{704133C5-85C9-4FC4-AC36-95574ABDF0B8} = {42102175-7488-4C41-A3C4-1A3764DE2766}
		{42102175-7488-4C41-A3C4-1A3764DE2766} = {D797B070-F701-426F-B37B-E02C9BCDB438}
		{956FE158-0876-4771-95C4-71CAB8902F1A} = {D797B070-F701-426F-B37B-E02C9BCDB438}
		{D9CF08F0-C0C8-4B64-8FA3-2AD2F2566372} = {D797B070-F701-426F-B37B-E02C9BCDB438}
		{699064CC-DF66-4BE5-AEBD-00BED1FE5F32} = {D797B070-F701-426F-B37B-E02C9BCDB438}
		{7F6198EB-605F-44E4-8B4D-1065FD32C57A} = {699064CC-DF66-4BE5-AEBD-00BED1FE5F32}
		{C3C21EA7-86BD-447B-8A93-2BBC011A7D24} = {699064CC-DF66-4BE5-AEBD-00BED1FE5F32}
		{9D334762-1EDE-451D-9AA9-821CCFECDDD2} = {3D053D67-5661-43C3-BCE1-76CEF67A189E}
		{2D46B172-4978-4A20-82CA-467301B1B593} = {3D053D67-5661-43C3-BCE1-76CEF67A189E}
		{208F938F-B0CF-47E0-BCBB-CE8A73DB170A} = {9D334762-1EDE-451D-9AA9-821CCFECDDD2}
		{042FABB4-4C5F-41F1-80A5-DF0C45777013} = {D797B070-F701-426F-B37B-E02C9BCDB438}
		{DC5F143E-2D73-4820-92CE-D5A31CEC72A4} = {042FABB4-4C5F-41F1-80A5-DF0C45777013}
		{32E94BF6-9491-4185-AE11-B0ACD5BA78BD} = {279C902D-4DFE-4EFC-B477-50B791824D3F}
		{27C677B5-66B3-448A-BACE-857D0B520D93} = {D797B070-F701-426F-B37B-E02C9BCDB438}
		{384F46A7-2DBC-4000-BA83-3BE09F02AEFF} = {D9CF08F0-C0C8-4B64-8FA3-2AD2F2566372}
		{6B006520-07C9-48C4-AC4E-04F25120C9EE} = {D9CF08F0-C0C8-4B64-8FA3-2AD2F2566372}
		{CFC793E1-1088-49CE-8561-465A701A4699} = {2D46B172-4978-4A20-82CA-467301B1B593}
		{01E9DA64-A0A8-4D3E-B542-42867249DEF2} = {279C902D-4DFE-4EFC-B477-50B791824D3F}
		{86DB6470-1FAF-490F-98DD-323A98A564BE} = {27C677B5-66B3-448A-BACE-857D0B520D93}
		{E0F55643-81B6-4DB3-9A18-DE3BD3374188} = {956FE158-0876-4771-95C4-71CAB8902F1A}
		{C9FB8BAE-E9ED-4082-BDC9-2FF4BB554A21} = {956FE158-0876-4771-95C4-71CAB8902F1A}
		{AE0E8E6F-E809-416A-8A3B-100C9F057791} = {E7F576C7-B064-48DE-BF25-A8F8FCEACD82}
		{A2BF768D-AD35-4D8F-8BEF-B9D025EAC8DF} = {D9CF08F0-C0C8-4B64-8FA3-2AD2F2566372}
		{663E3E56-E5CC-4CDA-B0D2-23DC5A0479A7} = {3D053D67-5661-43C3-BCE1-76CEF67A189E}
		{17E5617B-9D80-4EA9-B001-4B59A8D94987} = {663E3E56-E5CC-4CDA-B0D2-23DC5A0479A7}
		{8BFB2058-0D02-4394-A136-3F9547769984} = {279C902D-4DFE-4EFC-B477-50B791824D3F}
		{7DD9052C-4BFC-4FEA-9AB8-B1CCA9818901} = {27C677B5-66B3-448A-BACE-857D0B520D93}
		{7727E1AB-B13F-46EF-8D96-A9F03ABF0475} = {E7F576C7-B064-48DE-BF25-A8F8FCEACD82}
		{9DDC7D9A-8F03-4BE1-B592-CD183DA0F029} = {663E3E56-E5CC-4CDA-B0D2-23DC5A0479A7}
		{4F11DA2C-033B-416D-9FFB-531EED8FF42B} = {2D46B172-4978-4A20-82CA-467301B1B593}
		{58229D27-3C15-434A-9942-0D28B985BB5A} = {27C677B5-66B3-448A-BACE-857D0B520D93}
		{80BE0940-AE36-4050-9FB8-E6A526948F2B} = {D797B070-F701-426F-B37B-E02C9BCDB438}
		{36424154-C604-43F7-9B4D-BA3FE8BB9771} = {3D053D67-5661-43C3-BCE1-76CEF67A189E}
		{5F61A866-9F29-428A-8E29-A4F0B1F31E78} = {E7F576C7-B064-48DE-BF25-A8F8FCEACD82}
		{B313B0E1-7766-412C-8E0E-C6FAA2803049} = {80BE0940-AE36-4050-9FB8-E6A526948F2B}
		{3C42312D-2C73-4491-AC91-EBD698B6EBE5} = {80BE0940-AE36-4050-9FB8-E6A526948F2B}
		{CAFF52D9-0C67-445F-981A-34AA81EB35AD} = {36424154-C604-43F7-9B4D-BA3FE8BB9771}
		{F7AAA85D-E121-4706-8603-B732493F29B0} = {36424154-C604-43F7-9B4D-BA3FE8BB9771}
	EndGlobalSection
	GlobalSection(ExtensibilityGlobals) = postSolution
		SolutionGuid = {057C7BB5-998A-46BB-97AF-CF22F6A756CA}
	EndGlobalSection
EndGlobal
