
Microsoft Visual Studio Solution File, Format Version 12.00
# Visual Studio Version 17
VisualStudioVersion = 17.10.34928.147
MinimumVisualStudioVersion = 10.0.40219.1
Project("{2150E333-8FDC-42A3-9474-1A3956D46DE8}") = "Presentation", "Presentation", "{E7F576C7-B064-48DE-BF25-A8F8FCEACD82}"
EndProject
Project("{2150E333-8FDC-42A3-9474-1A3956D46DE8}") = "Infrastructure", "Infrastructure", "{3D053D67-5661-43C3-BCE1-76CEF67A189E}"
EndProject
Project("{2150E333-8FDC-42A3-9474-1A3956D46DE8}") = "Core", "Core", "{D797B070-F701-426F-B37B-E02C9BCDB438}"
EndProject
Project("{9A19103F-16F7-4668-BE54-9A1E7A4F7556}") = "RenStore.WebAPI", "./src/RenStore.WebAPI\RenStore.WebAPI.csproj", "{913D5F67-DAA8-476A-A542-96ECCFB39B07}"
EndProject
Project("{9A19103F-16F7-4668-BE54-9A1E7A4F7556}") = "RenStore.Application", "./src/RenStore.Application\RenStore.Application.csproj", "{ED2CD0FA-B705-4403-B6E4-B21C8ED3A868}"
EndProject
Project("{9A19103F-16F7-4668-BE54-9A1E7A4F7556}") = "RenStore.Domain", "./src/RenStore.Domain\RenStore.Domain.csproj", "{704133C5-85C9-4FC4-AC36-95574ABDF0B8}"
EndProject
Project("{9A19103F-16F7-4668-BE54-9A1E7A4F7556}") = "RenStore.Persistence", "./src/RenStore.Persistence\RenStore.Persistence.csproj", "{20FA7C09-668C-4D9C-A59C-EB939B7C9F67}"
EndProject
Project("{9A19103F-16F7-4668-BE54-9A1E7A4F7556}") = "RenStore.Identity.DuendeServer.WebAPI", "./src/RenStore.Identity.DuendeServer.WebAPI\RenStore.Identity.DuendeServer.WebAPI.csproj", "{21CD05E9-1ACA-402B-9AD4-59B03E9960DD}"
EndProject
Project("{2150E333-8FDC-42A3-9474-1A3956D46DE8}") = "Services", "Services", "{265FD3CF-2AE1-4B79-9570-C7BD742ADDAB}"
EndProject
Project("{2150E333-8FDC-42A3-9474-1A3956D46DE8}") = "src", "src", "{06E80016-E69A-45D4-A486-F5DFFDB7F562}"
EndProject
Project("{FAE04EC0-301F-11D3-BF4B-00C04F79EFBC}") = "RenStore.Tests", "src\RenStore.Tests\RenStore.Tests.csproj", "{98A22EAF-115F-436A-A033-129642242734}"
EndProject
Project("{2150E333-8FDC-42A3-9474-1A3956D46DE8}") = "MainOld", "MainOld", "{42102175-7488-4C41-A3C4-1A3764DE2766}"
EndProject
Project("{2150E333-8FDC-42A3-9474-1A3956D46DE8}") = "Identity", "Identity", "{956FE158-0876-4771-95C4-71CAB8902F1A}"
EndProject
Project("{2150E333-8FDC-42A3-9474-1A3956D46DE8}") = "Catalog", "Catalog", "{D9CF08F0-C0C8-4B64-8FA3-2AD2F2566372}"
EndProject
Project("{2150E333-8FDC-42A3-9474-1A3956D46DE8}") = "Ordering", "Ordering", "{8C9003F8-62AB-4171-A265-F3FE1E3F0DFD}"
EndProject
Project("{2150E333-8FDC-42A3-9474-1A3956D46DE8}") = "Delivery", "Delivery", "{699064CC-DF66-4BE5-AEBD-00BED1FE5F32}"
EndProject
Project("{FAE04EC0-301F-11D3-BF4B-00C04F79EFBC}") = "RenStore.Delivery.Domain", "src\RenStore.Delivery.Domain\RenStore.Delivery.Domain.csproj", "{7F6198EB-605F-44E4-8B4D-1065FD32C57A}"
EndProject
Project("{FAE04EC0-301F-11D3-BF4B-00C04F79EFBC}") = "RenStore.Delivery.Application", "src\RenStore.Delivery.Application\RenStore.Delivery.Application.csproj", "{C3C21EA7-86BD-447B-8A93-2BBC011A7D24}"
EndProject
Project("{2150E333-8FDC-42A3-9474-1A3956D46DE8}") = "MainOld", "MainOld", "{64D45610-3C17-4ED9-96F7-0E5BAC20CAE4}"
EndProject
Project("{2150E333-8FDC-42A3-9474-1A3956D46DE8}") = "Delivery", "Delivery", "{9D334762-1EDE-451D-9AA9-821CCFECDDD2}"
EndProject
Project("{2150E333-8FDC-42A3-9474-1A3956D46DE8}") = "Catalog", "Catalog", "{2D46B172-4978-4A20-82CA-467301B1B593}"
EndProject
Project("{2150E333-8FDC-42A3-9474-1A3956D46DE8}") = "Ordering", "Ordering", "{56254931-D7FE-4A07-AC02-4F7666FCD0D3}"
EndProject
Project("{2150E333-8FDC-42A3-9474-1A3956D46DE8}") = "Identity", "Identity", "{2148A387-C6C9-4CD7-A860-404DC951FEFF}"
EndProject
Project("{FAE04EC0-301F-11D3-BF4B-00C04F79EFBC}") = "RenStore.Delivery.Persistence", "src\RenStore.Delivery.Persistence\RenStore.Delivery.Persistence.csproj", "{208F938F-B0CF-47E0-BCBB-CE8A73DB170A}"
EndProject
Project("{2150E333-8FDC-42A3-9474-1A3956D46DE8}") = "SharedKernal", "SharedKernal", "{042FABB4-4C5F-41F1-80A5-DF0C45777013}"
EndProject
Project("{FAE04EC0-301F-11D3-BF4B-00C04F79EFBC}") = "RenStore.SharedKernal.Domain", "src\RenStore.SharedKernal.Domain\RenStore.SharedKernal.Domain.csproj", "{DC5F143E-2D73-4820-92CE-D5A31CEC72A4}"
EndProject
Project("{FAE04EC0-301F-11D3-BF4B-00C04F79EFBC}") = "RenStore.Delivery.Tests", "src\Tests\RenStore.Delivery.Tests\RenStore.Delivery.Tests.csproj", "{32E94BF6-9491-4185-AE11-B0ACD5BA78BD}"
EndProject
Project("{2150E333-8FDC-42A3-9474-1A3956D46DE8}") = "tests", "tests", "{279C902D-4DFE-4EFC-B477-50B791824D3F}"
EndProject
Project("{2150E333-8FDC-42A3-9474-1A3956D46DE8}") = "Seller", "Seller", "{FF50E862-0D81-401C-8E55-C47928F08C79}"
EndProject
Project("{2150E333-8FDC-42A3-9474-1A3956D46DE8}") = "Inventory", "Inventory", "{27C677B5-66B3-448A-BACE-857D0B520D93}"
EndProject
Project("{2150E333-8FDC-42A3-9474-1A3956D46DE8}") = "Payment", "Payment", "{94C11B85-838A-4DDD-93B4-FC4E46ADC421}"
EndProject
Project("{2150E333-8FDC-42A3-9474-1A3956D46DE8}") = "Rating", "Rating", "{07A84D6B-02F1-43F4-8FDC-615AC59CDA84}"
EndProject
Project("{2150E333-8FDC-42A3-9474-1A3956D46DE8}") = "Notifications", "Notifications", "{3A8E6615-E9D5-4FCE-88D6-31B15B01DD68}"
EndProject
Project("{2150E333-8FDC-42A3-9474-1A3956D46DE8}") = "Pricing", "Pricing", "{06DD91C5-4CCC-4F71-B439-10E4D70A56C3}"
EndProject
Project("{2150E333-8FDC-42A3-9474-1A3956D46DE8}") = "Cart", "Cart", "{B698AB90-7BAA-4896-8EFF-680027DE2350}"
EndProject
Project("{2150E333-8FDC-42A3-9474-1A3956D46DE8}") = "Finance", "Finance", "{27430E6E-A1C7-40F7-AFA8-2F85C52BDBB2}"
EndProject
Project("{2150E333-8FDC-42A3-9474-1A3956D46DE8}") = "Analytics", "Analytics", "{0B0A1DBC-BC31-4FBC-9D62-5299D3646EC5}"
EndProject
Project("{2150E333-8FDC-42A3-9474-1A3956D46DE8}") = "Recommendation", "Recommendation", "{58833D40-0023-4FF9-B2D7-6D29E2F4AC6B}"
EndProject
Project("{2150E333-8FDC-42A3-9474-1A3956D46DE8}") = "Messaging", "Messaging", "{BF37C725-F48B-473F-8F46-C64B8F178D54}"
EndProject
Project("{FAE04EC0-301F-11D3-BF4B-00C04F79EFBC}") = "RenStore.Catalog.Domain", "src\RenStore.Catalog.Domain\RenStore.Catalog.Domain.csproj", "{384F46A7-2DBC-4000-BA83-3BE09F02AEFF}"
EndProject
Project("{FAE04EC0-301F-11D3-BF4B-00C04F79EFBC}") = "RenStore.Catalog.Application", "src\RenStore.Catalog.Application\RenStore.Catalog.Application.csproj", "{6B006520-07C9-48C4-AC4E-04F25120C9EE}"
EndProject
Project("{FAE04EC0-301F-11D3-BF4B-00C04F79EFBC}") = "RenStore.Catalog.Persistence", "src\RenStore.Catalog.Persistence\RenStore.Catalog.Persistence.csproj", "{CFC793E1-1088-49CE-8561-465A701A4699}"
EndProject
Project("{FAE04EC0-301F-11D3-BF4B-00C04F79EFBC}") = "RenStore.Catalog.Tests", "tests\RenStore.Catalog.Tests\RenStore.Catalog.Tests.csproj", "{01E9DA64-A0A8-4D3E-B542-42867249DEF2}"
EndProject
Project("{FAE04EC0-301F-11D3-BF4B-00C04F79EFBC}") = "RenStore.Inventory.Domain", "src\RenStore.Inventory.Domain\RenStore.Inventory.Domain.csproj", "{86DB6470-1FAF-490F-98DD-323A98A564BE}"
EndProject
Project("{FAE04EC0-301F-11D3-BF4B-00C04F79EFBC}") = "RenStore.Identity.Domain", "src\RenStore.Identity.Domain\RenStore.Identity.Domain.csproj", "{E0F55643-81B6-4DB3-9A18-DE3BD3374188}"
EndProject
Project("{FAE04EC0-301F-11D3-BF4B-00C04F79EFBC}") = "RenStore.Identity.Application", "src\RenStore.Identity.Application\RenStore.Identity.Application.csproj", "{C9FB8BAE-E9ED-4082-BDC9-2FF4BB554A21}"
EndProject
Global
	GlobalSection(SolutionConfigurationPlatforms) = preSolution
		Debug|Any CPU = Debug|Any CPU
		Release|Any CPU = Release|Any CPU
	EndGlobalSection
	GlobalSection(ProjectConfigurationPlatforms) = postSolution
		{913D5F67-DAA8-476A-A542-96ECCFB39B07}.Debug|Any CPU.ActiveCfg = Debug|Any CPU
		{913D5F67-DAA8-476A-A542-96ECCFB39B07}.Debug|Any CPU.Build.0 = Debug|Any CPU
		{913D5F67-DAA8-476A-A542-96ECCFB39B07}.Release|Any CPU.ActiveCfg = Release|Any CPU
		{913D5F67-DAA8-476A-A542-96ECCFB39B07}.Release|Any CPU.Build.0 = Release|Any CPU
		{ED2CD0FA-B705-4403-B6E4-B21C8ED3A868}.Debug|Any CPU.ActiveCfg = Debug|Any CPU
		{ED2CD0FA-B705-4403-B6E4-B21C8ED3A868}.Debug|Any CPU.Build.0 = Debug|Any CPU
		{ED2CD0FA-B705-4403-B6E4-B21C8ED3A868}.Release|Any CPU.ActiveCfg = Release|Any CPU
		{ED2CD0FA-B705-4403-B6E4-B21C8ED3A868}.Release|Any CPU.Build.0 = Release|Any CPU
		{704133C5-85C9-4FC4-AC36-95574ABDF0B8}.Debug|Any CPU.ActiveCfg = Debug|Any CPU
		{704133C5-85C9-4FC4-AC36-95574ABDF0B8}.Debug|Any CPU.Build.0 = Debug|Any CPU
		{704133C5-85C9-4FC4-AC36-95574ABDF0B8}.Release|Any CPU.ActiveCfg = Release|Any CPU
		{704133C5-85C9-4FC4-AC36-95574ABDF0B8}.Release|Any CPU.Build.0 = Release|Any CPU
		{20FA7C09-668C-4D9C-A59C-EB939B7C9F67}.Debug|Any CPU.ActiveCfg = Debug|Any CPU
		{20FA7C09-668C-4D9C-A59C-EB939B7C9F67}.Release|Any CPU.ActiveCfg = Release|Any CPU
		{20FA7C09-668C-4D9C-A59C-EB939B7C9F67}.Release|Any CPU.Build.0 = Release|Any CPU
		{20FA7C09-668C-4D9C-A59C-EB939B7C9F67}.Debug|Any CPU.Build.0 = Debug|Any CPU
		{21CD05E9-1ACA-402B-9AD4-59B03E9960DD}.Debug|Any CPU.ActiveCfg = Debug|Any CPU
		{21CD05E9-1ACA-402B-9AD4-59B03E9960DD}.Debug|Any CPU.Build.0 = Debug|Any CPU
		{21CD05E9-1ACA-402B-9AD4-59B03E9960DD}.Release|Any CPU.ActiveCfg = Release|Any CPU
		{21CD05E9-1ACA-402B-9AD4-59B03E9960DD}.Release|Any CPU.Build.0 = Release|Any CPU
		{1F394098-F93F-42E5-9908-C2BD9161C9C3}.Debug|Any CPU.ActiveCfg = Debug|Any CPU
		{1F394098-F93F-42E5-9908-C2BD9161C9C3}.Debug|Any CPU.Build.0 = Debug|Any CPU
		{1F394098-F93F-42E5-9908-C2BD9161C9C3}.Release|Any CPU.ActiveCfg = Release|Any CPU
		{1F394098-F93F-42E5-9908-C2BD9161C9C3}.Release|Any CPU.Build.0 = Release|Any CPU
		{D39171FC-31BF-4398-8DCE-2502B8CF9243}.Debug|Any CPU.ActiveCfg = Debug|Any CPU
		{D39171FC-31BF-4398-8DCE-2502B8CF9243}.Debug|Any CPU.Build.0 = Debug|Any CPU
		{D39171FC-31BF-4398-8DCE-2502B8CF9243}.Release|Any CPU.ActiveCfg = Release|Any CPU
		{D39171FC-31BF-4398-8DCE-2502B8CF9243}.Release|Any CPU.Build.0 = Release|Any CPU
		{98A22EAF-115F-436A-A033-129642242734}.Debug|Any CPU.ActiveCfg = Debug|Any CPU
		{98A22EAF-115F-436A-A033-129642242734}.Debug|Any CPU.Build.0 = Debug|Any CPU
		{98A22EAF-115F-436A-A033-129642242734}.Release|Any CPU.ActiveCfg = Release|Any CPU
		{98A22EAF-115F-436A-A033-129642242734}.Release|Any CPU.Build.0 = Release|Any CPU
		{7F6198EB-605F-44E4-8B4D-1065FD32C57A}.Debug|Any CPU.ActiveCfg = Debug|Any CPU
		{7F6198EB-605F-44E4-8B4D-1065FD32C57A}.Debug|Any CPU.Build.0 = Debug|Any CPU
		{7F6198EB-605F-44E4-8B4D-1065FD32C57A}.Release|Any CPU.ActiveCfg = Release|Any CPU
		{7F6198EB-605F-44E4-8B4D-1065FD32C57A}.Release|Any CPU.Build.0 = Release|Any CPU
		{C3C21EA7-86BD-447B-8A93-2BBC011A7D24}.Debug|Any CPU.ActiveCfg = Debug|Any CPU
		{C3C21EA7-86BD-447B-8A93-2BBC011A7D24}.Debug|Any CPU.Build.0 = Debug|Any CPU
		{C3C21EA7-86BD-447B-8A93-2BBC011A7D24}.Release|Any CPU.ActiveCfg = Release|Any CPU
		{C3C21EA7-86BD-447B-8A93-2BBC011A7D24}.Release|Any CPU.Build.0 = Release|Any CPU
		{208F938F-B0CF-47E0-BCBB-CE8A73DB170A}.Debug|Any CPU.ActiveCfg = Debug|Any CPU
		{208F938F-B0CF-47E0-BCBB-CE8A73DB170A}.Debug|Any CPU.Build.0 = Debug|Any CPU
		{208F938F-B0CF-47E0-BCBB-CE8A73DB170A}.Release|Any CPU.ActiveCfg = Release|Any CPU
		{208F938F-B0CF-47E0-BCBB-CE8A73DB170A}.Release|Any CPU.Build.0 = Release|Any CPU
		{DC5F143E-2D73-4820-92CE-D5A31CEC72A4}.Debug|Any CPU.ActiveCfg = Debug|Any CPU
		{DC5F143E-2D73-4820-92CE-D5A31CEC72A4}.Debug|Any CPU.Build.0 = Debug|Any CPU
		{DC5F143E-2D73-4820-92CE-D5A31CEC72A4}.Release|Any CPU.ActiveCfg = Release|Any CPU
		{DC5F143E-2D73-4820-92CE-D5A31CEC72A4}.Release|Any CPU.Build.0 = Release|Any CPU
		{32E94BF6-9491-4185-AE11-B0ACD5BA78BD}.Debug|Any CPU.ActiveCfg = Debug|Any CPU
		{32E94BF6-9491-4185-AE11-B0ACD5BA78BD}.Debug|Any CPU.Build.0 = Debug|Any CPU
		{32E94BF6-9491-4185-AE11-B0ACD5BA78BD}.Release|Any CPU.ActiveCfg = Release|Any CPU
		{32E94BF6-9491-4185-AE11-B0ACD5BA78BD}.Release|Any CPU.Build.0 = Release|Any CPU
		{384F46A7-2DBC-4000-BA83-3BE09F02AEFF}.Debug|Any CPU.ActiveCfg = Debug|Any CPU
		{384F46A7-2DBC-4000-BA83-3BE09F02AEFF}.Debug|Any CPU.Build.0 = Debug|Any CPU
		{384F46A7-2DBC-4000-BA83-3BE09F02AEFF}.Release|Any CPU.ActiveCfg = Release|Any CPU
		{384F46A7-2DBC-4000-BA83-3BE09F02AEFF}.Release|Any CPU.Build.0 = Release|Any CPU
		{6B006520-07C9-48C4-AC4E-04F25120C9EE}.Debug|Any CPU.ActiveCfg = Debug|Any CPU
		{6B006520-07C9-48C4-AC4E-04F25120C9EE}.Debug|Any CPU.Build.0 = Debug|Any CPU
		{6B006520-07C9-48C4-AC4E-04F25120C9EE}.Release|Any CPU.ActiveCfg = Release|Any CPU
		{6B006520-07C9-48C4-AC4E-04F25120C9EE}.Release|Any CPU.Build.0 = Release|Any CPU
		{CFC793E1-1088-49CE-8561-465A701A4699}.Debug|Any CPU.ActiveCfg = Debug|Any CPU
		{CFC793E1-1088-49CE-8561-465A701A4699}.Debug|Any CPU.Build.0 = Debug|Any CPU
		{CFC793E1-1088-49CE-8561-465A701A4699}.Release|Any CPU.ActiveCfg = Release|Any CPU
		{CFC793E1-1088-49CE-8561-465A701A4699}.Release|Any CPU.Build.0 = Release|Any CPU
		{01E9DA64-A0A8-4D3E-B542-42867249DEF2}.Debug|Any CPU.ActiveCfg = Debug|Any CPU
		{01E9DA64-A0A8-4D3E-B542-42867249DEF2}.Debug|Any CPU.Build.0 = Debug|Any CPU
		{01E9DA64-A0A8-4D3E-B542-42867249DEF2}.Release|Any CPU.ActiveCfg = Release|Any CPU
		{01E9DA64-A0A8-4D3E-B542-42867249DEF2}.Release|Any CPU.Build.0 = Release|Any CPU
		{86DB6470-1FAF-490F-98DD-323A98A564BE}.Debug|Any CPU.ActiveCfg = Debug|Any CPU
		{86DB6470-1FAF-490F-98DD-323A98A564BE}.Debug|Any CPU.Build.0 = Debug|Any CPU
		{86DB6470-1FAF-490F-98DD-323A98A564BE}.Release|Any CPU.ActiveCfg = Release|Any CPU
		{86DB6470-1FAF-490F-98DD-323A98A564BE}.Release|Any CPU.Build.0 = Release|Any CPU
		{E0F55643-81B6-4DB3-9A18-DE3BD3374188}.Debug|Any CPU.ActiveCfg = Debug|Any CPU
		{E0F55643-81B6-4DB3-9A18-DE3BD3374188}.Debug|Any CPU.Build.0 = Debug|Any CPU
		{E0F55643-81B6-4DB3-9A18-DE3BD3374188}.Release|Any CPU.ActiveCfg = Release|Any CPU
		{E0F55643-81B6-4DB3-9A18-DE3BD3374188}.Release|Any CPU.Build.0 = Release|Any CPU
		{C9FB8BAE-E9ED-4082-BDC9-2FF4BB554A21}.Debug|Any CPU.ActiveCfg = Debug|Any CPU
		{C9FB8BAE-E9ED-4082-BDC9-2FF4BB554A21}.Debug|Any CPU.Build.0 = Debug|Any CPU
		{C9FB8BAE-E9ED-4082-BDC9-2FF4BB554A21}.Release|Any CPU.ActiveCfg = Release|Any CPU
		{C9FB8BAE-E9ED-4082-BDC9-2FF4BB554A21}.Release|Any CPU.Build.0 = Release|Any CPU
	EndGlobalSection
	GlobalSection(SolutionProperties) = preSolution
		HideSolutionNode = FALSE
	EndGlobalSection
	GlobalSection(NestedProjects) = preSolution
		{913D5F67-DAA8-476A-A542-96ECCFB39B07} = {E7F576C7-B064-48DE-BF25-A8F8FCEACD82}
		{21CD05E9-1ACA-402B-9AD4-59B03E9960DD} = {E7F576C7-B064-48DE-BF25-A8F8FCEACD82}
		{D797B070-F701-426F-B37B-E02C9BCDB438} = {06E80016-E69A-45D4-A486-F5DFFDB7F562}
		{3D053D67-5661-43C3-BCE1-76CEF67A189E} = {06E80016-E69A-45D4-A486-F5DFFDB7F562}
		{E7F576C7-B064-48DE-BF25-A8F8FCEACD82} = {06E80016-E69A-45D4-A486-F5DFFDB7F562}
		{265FD3CF-2AE1-4B79-9570-C7BD742ADDAB} = {06E80016-E69A-45D4-A486-F5DFFDB7F562}
		{42102175-7488-4C41-A3C4-1A3764DE2766} = {D797B070-F701-426F-B37B-E02C9BCDB438}
		{ED2CD0FA-B705-4403-B6E4-B21C8ED3A868} = {42102175-7488-4C41-A3C4-1A3764DE2766}
		{704133C5-85C9-4FC4-AC36-95574ABDF0B8} = {42102175-7488-4C41-A3C4-1A3764DE2766}
		{956FE158-0876-4771-95C4-71CAB8902F1A} = {D797B070-F701-426F-B37B-E02C9BCDB438}
		{D9CF08F0-C0C8-4B64-8FA3-2AD2F2566372} = {D797B070-F701-426F-B37B-E02C9BCDB438}
		{8C9003F8-62AB-4171-A265-F3FE1E3F0DFD} = {D797B070-F701-426F-B37B-E02C9BCDB438}
		{699064CC-DF66-4BE5-AEBD-00BED1FE5F32} = {D797B070-F701-426F-B37B-E02C9BCDB438}
		{7F6198EB-605F-44E4-8B4D-1065FD32C57A} = {699064CC-DF66-4BE5-AEBD-00BED1FE5F32}
		{C3C21EA7-86BD-447B-8A93-2BBC011A7D24} = {699064CC-DF66-4BE5-AEBD-00BED1FE5F32}
		{64D45610-3C17-4ED9-96F7-0E5BAC20CAE4} = {3D053D67-5661-43C3-BCE1-76CEF67A189E}
		{20FA7C09-668C-4D9C-A59C-EB939B7C9F67} = {64D45610-3C17-4ED9-96F7-0E5BAC20CAE4}
		{9D334762-1EDE-451D-9AA9-821CCFECDDD2} = {3D053D67-5661-43C3-BCE1-76CEF67A189E}
		{2D46B172-4978-4A20-82CA-467301B1B593} = {3D053D67-5661-43C3-BCE1-76CEF67A189E}
		{56254931-D7FE-4A07-AC02-4F7666FCD0D3} = {3D053D67-5661-43C3-BCE1-76CEF67A189E}
		{2148A387-C6C9-4CD7-A860-404DC951FEFF} = {3D053D67-5661-43C3-BCE1-76CEF67A189E}
		{208F938F-B0CF-47E0-BCBB-CE8A73DB170A} = {9D334762-1EDE-451D-9AA9-821CCFECDDD2}
		{042FABB4-4C5F-41F1-80A5-DF0C45777013} = {D797B070-F701-426F-B37B-E02C9BCDB438}
		{DC5F143E-2D73-4820-92CE-D5A31CEC72A4} = {042FABB4-4C5F-41F1-80A5-DF0C45777013}
		{32E94BF6-9491-4185-AE11-B0ACD5BA78BD} = {279C902D-4DFE-4EFC-B477-50B791824D3F}
		{FF50E862-0D81-401C-8E55-C47928F08C79} = {D797B070-F701-426F-B37B-E02C9BCDB438}
		{27C677B5-66B3-448A-BACE-857D0B520D93} = {D797B070-F701-426F-B37B-E02C9BCDB438}
		{94C11B85-838A-4DDD-93B4-FC4E46ADC421} = {D797B070-F701-426F-B37B-E02C9BCDB438}
		{07A84D6B-02F1-43F4-8FDC-615AC59CDA84} = {D797B070-F701-426F-B37B-E02C9BCDB438}
		{3A8E6615-E9D5-4FCE-88D6-31B15B01DD68} = {D797B070-F701-426F-B37B-E02C9BCDB438}
		{06DD91C5-4CCC-4F71-B439-10E4D70A56C3} = {D797B070-F701-426F-B37B-E02C9BCDB438}
		{B698AB90-7BAA-4896-8EFF-680027DE2350} = {D797B070-F701-426F-B37B-E02C9BCDB438}
		{27430E6E-A1C7-40F7-AFA8-2F85C52BDBB2} = {D797B070-F701-426F-B37B-E02C9BCDB438}
		{0B0A1DBC-BC31-4FBC-9D62-5299D3646EC5} = {D797B070-F701-426F-B37B-E02C9BCDB438}
		{58833D40-0023-4FF9-B2D7-6D29E2F4AC6B} = {D797B070-F701-426F-B37B-E02C9BCDB438}
		{BF37C725-F48B-473F-8F46-C64B8F178D54} = {D797B070-F701-426F-B37B-E02C9BCDB438}
		{384F46A7-2DBC-4000-BA83-3BE09F02AEFF} = {D9CF08F0-C0C8-4B64-8FA3-2AD2F2566372}
		{6B006520-07C9-48C4-AC4E-04F25120C9EE} = {D9CF08F0-C0C8-4B64-8FA3-2AD2F2566372}
		{CFC793E1-1088-49CE-8561-465A701A4699} = {2D46B172-4978-4A20-82CA-467301B1B593}
		{01E9DA64-A0A8-4D3E-B542-42867249DEF2} = {279C902D-4DFE-4EFC-B477-50B791824D3F}
		{86DB6470-1FAF-490F-98DD-323A98A564BE} = {27C677B5-66B3-448A-BACE-857D0B520D93}
		{E0F55643-81B6-4DB3-9A18-DE3BD3374188} = {956FE158-0876-4771-95C4-71CAB8902F1A}
		{C9FB8BAE-E9ED-4082-BDC9-2FF4BB554A21} = {956FE158-0876-4771-95C4-71CAB8902F1A}
	EndGlobalSection
	GlobalSection(ExtensibilityGlobals) = postSolution
		SolutionGuid = {057C7BB5-998A-46BB-97AF-CF22F6A756CA}
	EndGlobalSection
EndGlobal
