
Microsoft Visual Studio Solution File, Format Version 12.00
# Visual Studio Version 17
VisualStudioVersion = 17.5.2.0
MinimumVisualStudioVersion = 10.0.40219.1
Project("{FAE04EC0-301F-11D3-BF4B-00C04F79EFBC}") = "RenStore.Identity.DuendeServer.WebAPI", "RenStore.Identity.DuendeServer.WebApi\RenStore.Identity.DuendeServer.WebAPI.csproj", "{B346E8C1-AE83-BDDE-3159-554E9E0A47E5}"
EndProject
Project("{FAE04EC0-301F-11D3-BF4B-00C04F79EFBC}") = "RenStore.Application", "RenStore.Application\RenStore.Application.csproj", "{09FB8C38-AC02-2C90-5CD3-C74B6ACE5EDC}"
EndProject
Project("{FAE04EC0-301F-11D3-BF4B-00C04F79EFBC}") = "RenStore.ApiGateway", "RenStore.ApiGateway\RenStore.ApiGateway.csproj", "{91B4FA34-B646-48FC-9607-8FE6EF2D7E57}"
EndProject
Project("{FAE04EC0-301F-11D3-BF4B-00C04F79EFBC}") = "RenStore.Domain", "RenStore.Domain\RenStore.Domain.csproj", "{27F3CE6A-9532-E0F8-F240-270A3435F7B5}"
EndProject
Project("{FAE04EC0-301F-11D3-BF4B-00C04F79EFBC}") = "RenStore.Persistence", "RenStore.Persistence\RenStore.Persistence.csproj", "{3EE00368-E07C-A114-9B60-2BDB5A998F9F}"
EndProject
Project("{FAE04EC0-301F-11D3-BF4B-00C04F79EFBC}") = "RenStore.WebAPI", "RenStore.WebApi\RenStore.WebAPI.csproj", "{D38AC227-8ADA-A619-C0F7-BEE42A617B67}"
EndProject
Global
	GlobalSection(SolutionConfigurationPlatforms) = preSolution
		Debug|Any CPU = Debug|Any CPU
		Release|Any CPU = Release|Any CPU
	EndGlobalSection
	GlobalSection(ProjectConfigurationPlatforms) = postSolution
		{EDFC371C-5916-40BD-0175-B953DF7B3AF1}.Debug|Any CPU.ActiveCfg = Debug|Any CPU
		{EDFC371C-5916-40BD-0175-B953DF7B3AF1}.Debug|Any CPU.Build.0 = Debug|Any CPU
		{EDFC371C-5916-40BD-0175-B953DF7B3AF1}.Release|Any CPU.ActiveCfg = Release|Any CPU
		{EDFC371C-5916-40BD-0175-B953DF7B3AF1}.Release|Any CPU.Build.0 = Release|Any CPU
		{16394F76-20DF-515C-F962-F8B2BDAB6164}.Debug|Any CPU.ActiveCfg = Debug|Any CPU
		{16394F76-20DF-515C-F962-F8B2BDAB6164}.Debug|Any CPU.Build.0 = Debug|Any CPU
		{16394F76-20DF-515C-F962-F8B2BDAB6164}.Release|Any CPU.ActiveCfg = Release|Any CPU
		{16394F76-20DF-515C-F962-F8B2BDAB6164}.Release|Any CPU.Build.0 = Release|Any CPU
		{9CF47860-2CEA-F379-09D8-9AEF27965D12}.Debug|Any CPU.ActiveCfg = Debug|Any CPU
		{9CF47860-2CEA-F379-09D8-9AEF27965D12}.Debug|Any CPU.Build.0 = Debug|Any CPU
		{9CF47860-2CEA-F379-09D8-9AEF27965D12}.Release|Any CPU.ActiveCfg = Release|Any CPU
		{9CF47860-2CEA-F379-09D8-9AEF27965D12}.Release|Any CPU.Build.0 = Release|Any CPU
		{ADF7F6CB-0832-620B-9CDA-A506EC147F75}.Debug|Any CPU.ActiveCfg = Debug|Any CPU
		{ADF7F6CB-0832-620B-9CDA-A506EC147F75}.Debug|Any CPU.Build.0 = Debug|Any CPU
		{ADF7F6CB-0832-620B-9CDA-A506EC147F75}.Release|Any CPU.ActiveCfg = Release|Any CPU
		{ADF7F6CB-0832-620B-9CDA-A506EC147F75}.Release|Any CPU.Build.0 = Release|Any CPU
		{B346E8C1-AE83-BDDE-3159-554E9E0A47E5}.Debug|Any CPU.ActiveCfg = Debug|Any CPU
		{B346E8C1-AE83-BDDE-3159-554E9E0A47E5}.Debug|Any CPU.Build.0 = Debug|Any CPU
		{B346E8C1-AE83-BDDE-3159-554E9E0A47E5}.Release|Any CPU.ActiveCfg = Release|Any CPU
		{B346E8C1-AE83-BDDE-3159-554E9E0A47E5}.Release|Any CPU.Build.0 = Release|Any CPU
		{09FB8C38-AC02-2C90-5CD3-C74B6ACE5EDC}.Debug|Any CPU.ActiveCfg = Debug|Any CPU
		{09FB8C38-AC02-2C90-5CD3-C74B6ACE5EDC}.Debug|Any CPU.Build.0 = Debug|Any CPU
		{09FB8C38-AC02-2C90-5CD3-C74B6ACE5EDC}.Release|Any CPU.ActiveCfg = Release|Any CPU
		{09FB8C38-AC02-2C90-5CD3-C74B6ACE5EDC}.Release|Any CPU.Build.0 = Release|Any CPU
		{4E229556-1BED-6F3F-F366-5220D063B42F}.Debug|Any CPU.ActiveCfg = Debug|Any CPU
		{4E229556-1BED-6F3F-F366-5220D063B42F}.Debug|Any CPU.Build.0 = Debug|Any CPU
		{4E229556-1BED-6F3F-F366-5220D063B42F}.Release|Any CPU.ActiveCfg = Release|Any CPU
		{4E229556-1BED-6F3F-F366-5220D063B42F}.Release|Any CPU.Build.0 = Release|Any CPU
		{91B4FA34-B646-48FC-9607-8FE6EF2D7E57}.Debug|Any CPU.ActiveCfg = Debug|Any CPU
		{91B4FA34-B646-48FC-9607-8FE6EF2D7E57}.Debug|Any CPU.Build.0 = Debug|Any CPU
		{91B4FA34-B646-48FC-9607-8FE6EF2D7E57}.Release|Any CPU.ActiveCfg = Release|Any CPU
		{91B4FA34-B646-48FC-9607-8FE6EF2D7E57}.Release|Any CPU.Build.0 = Release|Any CPU
		{27F3CE6A-9532-E0F8-F240-270A3435F7B5}.Debug|Any CPU.ActiveCfg = Debug|Any CPU
		{27F3CE6A-9532-E0F8-F240-270A3435F7B5}.Debug|Any CPU.Build.0 = Debug|Any CPU
		{27F3CE6A-9532-E0F8-F240-270A3435F7B5}.Release|Any CPU.ActiveCfg = Release|Any CPU
		{27F3CE6A-9532-E0F8-F240-270A3435F7B5}.Release|Any CPU.Build.0 = Release|Any CPU
		{5413ADA1-D8AD-93CA-0C6D-CFDE47014384}.Debug|Any CPU.ActiveCfg = Debug|Any CPU
		{5413ADA1-D8AD-93CA-0C6D-CFDE47014384}.Debug|Any CPU.Build.0 = Debug|Any CPU
		{5413ADA1-D8AD-93CA-0C6D-CFDE47014384}.Release|Any CPU.ActiveCfg = Release|Any CPU
		{5413ADA1-D8AD-93CA-0C6D-CFDE47014384}.Release|Any CPU.Build.0 = Release|Any CPU
		{3EE00368-E07C-A114-9B60-2BDB5A998F9F}.Debug|Any CPU.ActiveCfg = Debug|Any CPU
		{3EE00368-E07C-A114-9B60-2BDB5A998F9F}.Debug|Any CPU.Build.0 = Debug|Any CPU
		{3EE00368-E07C-A114-9B60-2BDB5A998F9F}.Release|Any CPU.ActiveCfg = Release|Any CPU
		{3EE00368-E07C-A114-9B60-2BDB5A998F9F}.Release|Any CPU.Build.0 = Release|Any CPU
		{D38AC227-8ADA-A619-C0F7-BEE42A617B67}.Debug|Any CPU.ActiveCfg = Debug|Any CPU
		{D38AC227-8ADA-A619-C0F7-BEE42A617B67}.Debug|Any CPU.Build.0 = Debug|Any CPU
		{D38AC227-8ADA-A619-C0F7-BEE42A617B67}.Release|Any CPU.ActiveCfg = Release|Any CPU
		{D38AC227-8ADA-A619-C0F7-BEE42A617B67}.Release|Any CPU.Build.0 = Release|Any CPU
	EndGlobalSection
	GlobalSection(SolutionProperties) = preSolution
		HideSolutionNode = FALSE
	EndGlobalSection
	GlobalSection(ExtensibilityGlobals) = postSolution
		SolutionGuid = {9E300406-D3F0-4DF1-AA79-6161877D65C2}
	EndGlobalSection
EndGlobal
